// !$*UTF8*$!
{
	archiveVersion = 1;
	classes = {
	};
	objectVersion = 46;
	objects = {

/* Begin PBXBuildFile section */
		162F267F1D7AF16D00B9FFD8 /* AppDelegate.swift in Sources */ = {isa = PBXBuildFile; fileRef = 162F267E1D7AF16D00B9FFD8 /* AppDelegate.swift */; };
		162F26841D7AF16D00B9FFD8 /* Main.storyboard in Resources */ = {isa = PBXBuildFile; fileRef = 162F26821D7AF16D00B9FFD8 /* Main.storyboard */; };
		162F26861D7AF16D00B9FFD8 /* Assets.xcassets in Resources */ = {isa = PBXBuildFile; fileRef = 162F26851D7AF16D00B9FFD8 /* Assets.xcassets */; };
		162F26891D7AF16D00B9FFD8 /* LaunchScreen.storyboard in Resources */ = {isa = PBXBuildFile; fileRef = 162F26871D7AF16D00B9FFD8 /* LaunchScreen.storyboard */; };
		1650D64E1D7B02FF007C478F /* currentWeather.swift in Sources */ = {isa = PBXBuildFile; fileRef = 1650D64D1D7B02FF007C478F /* currentWeather.swift */; };
		1650D6501D7B0307007C478F /* constants.swift in Sources */ = {isa = PBXBuildFile; fileRef = 1650D64F1D7B0307007C478F /* constants.swift */; };
		1650D6521D7B0328007C478F /* WeatherVC.swift in Sources */ = {isa = PBXBuildFile; fileRef = 1650D6511D7B0328007C478F /* WeatherVC.swift */; };
		16ECA5181D7B1B7100BA6A77 /* forecast.swift in Sources */ = {isa = PBXBuildFile; fileRef = 16ECA5171D7B1B7100BA6A77 /* forecast.swift */; };
		16F884D91D7B2A6D00FB8072 /* ForecastCell.swift in Sources */ = {isa = PBXBuildFile; fileRef = 16F884D81D7B2A6D00FB8072 /* ForecastCell.swift */; };
		16F884DB1D7B351000FB8072 /* Location.swift in Sources */ = {isa = PBXBuildFile; fileRef = 16F884DA1D7B351000FB8072 /* Location.swift */; };
		5E5C976C3DDD4931C70D940D /* Pods_SunnyorNot_.framework in Frameworks */ = {isa = PBXBuildFile; fileRef = 47F1D835478D80D8D1425CA9 /* Pods_SunnyorNot_.framework */; };
/* End PBXBuildFile section */

/* Begin PBXFileReference section */
		162F267B1D7AF16D00B9FFD8 /* SunnyorNot?.app */ = {isa = PBXFileReference; explicitFileType = wrapper.application; includeInIndex = 0; path = "SunnyorNot?.app"; sourceTree = BUILT_PRODUCTS_DIR; };
		162F267E1D7AF16D00B9FFD8 /* AppDelegate.swift */ = {isa = PBXFileReference; lastKnownFileType = sourcecode.swift; path = AppDelegate.swift; sourceTree = "<group>"; };
		162F26831D7AF16D00B9FFD8 /* Base */ = {isa = PBXFileReference; lastKnownFileType = file.storyboard; name = Base; path = Base.lproj/Main.storyboard; sourceTree = "<group>"; };
		162F26851D7AF16D00B9FFD8 /* Assets.xcassets */ = {isa = PBXFileReference; lastKnownFileType = folder.assetcatalog; path = Assets.xcassets; sourceTree = "<group>"; };
		162F26881D7AF16D00B9FFD8 /* Base */ = {isa = PBXFileReference; lastKnownFileType = file.storyboard; name = Base; path = Base.lproj/LaunchScreen.storyboard; sourceTree = "<group>"; };
		162F268A1D7AF16D00B9FFD8 /* Info.plist */ = {isa = PBXFileReference; lastKnownFileType = text.plist.xml; path = Info.plist; sourceTree = "<group>"; };
		1650D64D1D7B02FF007C478F /* currentWeather.swift */ = {isa = PBXFileReference; fileEncoding = 4; lastKnownFileType = sourcecode.swift; path = currentWeather.swift; sourceTree = "<group>"; };
		1650D64F1D7B0307007C478F /* constants.swift */ = {isa = PBXFileReference; fileEncoding = 4; lastKnownFileType = sourcecode.swift; path = constants.swift; sourceTree = "<group>"; };
		1650D6511D7B0328007C478F /* WeatherVC.swift */ = {isa = PBXFileReference; fileEncoding = 4; lastKnownFileType = sourcecode.swift; path = WeatherVC.swift; sourceTree = "<group>"; };
		16ECA5171D7B1B7100BA6A77 /* forecast.swift */ = {isa = PBXFileReference; fileEncoding = 4; lastKnownFileType = sourcecode.swift; path = forecast.swift; sourceTree = "<group>"; };
		16F884D81D7B2A6D00FB8072 /* ForecastCell.swift */ = {isa = PBXFileReference; fileEncoding = 4; lastKnownFileType = sourcecode.swift; path = ForecastCell.swift; sourceTree = "<group>"; };
		16F884DA1D7B351000FB8072 /* Location.swift */ = {isa = PBXFileReference; fileEncoding = 4; lastKnownFileType = sourcecode.swift; path = Location.swift; sourceTree = "<group>"; };
		47F1D835478D80D8D1425CA9 /* Pods_SunnyorNot_.framework */ = {isa = PBXFileReference; explicitFileType = wrapper.framework; includeInIndex = 0; path = Pods_SunnyorNot_.framework; sourceTree = BUILT_PRODUCTS_DIR; };
		57072B046B08D81C7D31CF47 /* Pods-SunnyorNot?.release.xcconfig */ = {isa = PBXFileReference; includeInIndex = 1; lastKnownFileType = text.xcconfig; name = "Pods-SunnyorNot?.release.xcconfig"; path = "Pods/Target Support Files/Pods-SunnyorNot?/Pods-SunnyorNot?.release.xcconfig"; sourceTree = "<group>"; };
		7EAE65E2ED57B7D3F6C927E9 /* Pods-SunnyorNot?.debug.xcconfig */ = {isa = PBXFileReference; includeInIndex = 1; lastKnownFileType = text.xcconfig; name = "Pods-SunnyorNot?.debug.xcconfig"; path = "Pods/Target Support Files/Pods-SunnyorNot?/Pods-SunnyorNot?.debug.xcconfig"; sourceTree = "<group>"; };
/* End PBXFileReference section */

/* Begin PBXFrameworksBuildPhase section */
		162F26781D7AF16C00B9FFD8 /* Frameworks */ = {
			isa = PBXFrameworksBuildPhase;
			buildActionMask = 2147483647;
			files = (
				5E5C976C3DDD4931C70D940D /* Pods_SunnyorNot_.framework in Frameworks */,
			);
			runOnlyForDeploymentPostprocessing = 0;
		};
/* End PBXFrameworksBuildPhase section */

/* Begin PBXGroup section */
		162F26721D7AF16C00B9FFD8 = {
			isa = PBXGroup;
			children = (
				162F267D1D7AF16D00B9FFD8 /* SunnyorNot? */,
				162F267C1D7AF16D00B9FFD8 /* Products */,
				EA18FC62C895EBE6AE6D6733 /* Pods */,
				79E5DD31061A48D88732E975 /* Frameworks */,
			);
			sourceTree = "<group>";
		};
		162F267C1D7AF16D00B9FFD8 /* Products */ = {
			isa = PBXGroup;
			children = (
				162F267B1D7AF16D00B9FFD8 /* SunnyorNot?.app */,
			);
			name = Products;
			sourceTree = "<group>";
		};
		162F267D1D7AF16D00B9FFD8 /* SunnyorNot? */ = {
			isa = PBXGroup;
			children = (
				162F267E1D7AF16D00B9FFD8 /* AppDelegate.swift */,
				1650D6511D7B0328007C478F /* WeatherVC.swift */,
				1650D64F1D7B0307007C478F /* constants.swift */,
				162F26821D7AF16D00B9FFD8 /* Main.storyboard */,
				1650D64D1D7B02FF007C478F /* currentWeather.swift */,
				162F26851D7AF16D00B9FFD8 /* Assets.xcassets */,
				162F26871D7AF16D00B9FFD8 /* LaunchScreen.storyboard */,
				162F268A1D7AF16D00B9FFD8 /* Info.plist */,
				16ECA5171D7B1B7100BA6A77 /* forecast.swift */,
				16F884D81D7B2A6D00FB8072 /* ForecastCell.swift */,
				16F884DA1D7B351000FB8072 /* Location.swift */,
			);
			path = "SunnyorNot?";
			sourceTree = "<group>";
		};
		79E5DD31061A48D88732E975 /* Frameworks */ = {
			isa = PBXGroup;
			children = (
				47F1D835478D80D8D1425CA9 /* Pods_SunnyorNot_.framework */,
			);
			name = Frameworks;
			sourceTree = "<group>";
		};
		EA18FC62C895EBE6AE6D6733 /* Pods */ = {
			isa = PBXGroup;
			children = (
				7EAE65E2ED57B7D3F6C927E9 /* Pods-SunnyorNot?.debug.xcconfig */,
				57072B046B08D81C7D31CF47 /* Pods-SunnyorNot?.release.xcconfig */,
			);
			name = Pods;
			sourceTree = "<group>";
		};
/* End PBXGroup section */

/* Begin PBXNativeTarget section */
		162F267A1D7AF16C00B9FFD8 /* SunnyorNot? */ = {
			isa = PBXNativeTarget;
			buildConfigurationList = 162F268D1D7AF16D00B9FFD8 /* Build configuration list for PBXNativeTarget "SunnyorNot?" */;
			buildPhases = (
				78E57F75945DD01A5FA08121 /* [CP] Check Pods Manifest.lock */,
				162F26771D7AF16C00B9FFD8 /* Sources */,
				162F26781D7AF16C00B9FFD8 /* Frameworks */,
				162F26791D7AF16C00B9FFD8 /* Resources */,
				3D8DB8E0DC95045F59EA06B2 /* [CP] Embed Pods Frameworks */,
				0B51A4B5F95E1844E0E3C277 /* [CP] Copy Pods Resources */,
			);
			buildRules = (
			);
			dependencies = (
			);
			name = "SunnyorNot?";
			productName = "SunnyorNot?";
			productReference = 162F267B1D7AF16D00B9FFD8 /* SunnyorNot?.app */;
			productType = "com.apple.product-type.application";
		};
/* End PBXNativeTarget section */

/* Begin PBXProject section */
		162F26731D7AF16C00B9FFD8 /* Project object */ = {
			isa = PBXProject;
			attributes = {
				LastSwiftUpdateCheck = 0800;
				LastUpgradeCheck = 0800;
				ORGANIZATIONNAME = "Allan Wallace";
				TargetAttributes = {
					162F267A1D7AF16C00B9FFD8 = {
						CreatedOnToolsVersion = 8.0;
						DevelopmentTeam = MNM3C2L7P4;
						LastSwiftMigration = 0800;
						ProvisioningStyle = Automatic;
					};
				};
			};
			buildConfigurationList = 162F26761D7AF16C00B9FFD8 /* Build configuration list for PBXProject "SunnyorNot?" */;
			compatibilityVersion = "Xcode 3.2";
			developmentRegion = English;
			hasScannedForEncodings = 0;
			knownRegions = (
				en,
				Base,
			);
			mainGroup = 162F26721D7AF16C00B9FFD8;
			productRefGroup = 162F267C1D7AF16D00B9FFD8 /* Products */;
			projectDirPath = "";
			projectRoot = "";
			targets = (
				162F267A1D7AF16C00B9FFD8 /* SunnyorNot? */,
			);
		};
/* End PBXProject section */

/* Begin PBXResourcesBuildPhase section */
		162F26791D7AF16C00B9FFD8 /* Resources */ = {
			isa = PBXResourcesBuildPhase;
			buildActionMask = 2147483647;
			files = (
				162F26891D7AF16D00B9FFD8 /* LaunchScreen.storyboard in Resources */,
				162F26861D7AF16D00B9FFD8 /* Assets.xcassets in Resources */,
				162F26841D7AF16D00B9FFD8 /* Main.storyboard in Resources */,
			);
			runOnlyForDeploymentPostprocessing = 0;
		};
/* End PBXResourcesBuildPhase section */

/* Begin PBXShellScriptBuildPhase section */
		0B51A4B5F95E1844E0E3C277 /* [CP] Copy Pods Resources */ = {
			isa = PBXShellScriptBuildPhase;
			buildActionMask = 2147483647;
			files = (
			);
			inputPaths = (
			);
			name = "[CP] Copy Pods Resources";
			outputPaths = (
			);
			runOnlyForDeploymentPostprocessing = 0;
			shellPath = /bin/sh;
			shellScript = "\"${SRCROOT}/Pods/Target Support Files/Pods-SunnyorNot?/Pods-SunnyorNot?-resources.sh\"\n";
			showEnvVarsInLog = 0;
		};
		3D8DB8E0DC95045F59EA06B2 /* [CP] Embed Pods Frameworks */ = {
			isa = PBXShellScriptBuildPhase;
			buildActionMask = 2147483647;
			files = (
			);
			inputPaths = (
			);
			name = "[CP] Embed Pods Frameworks";
			outputPaths = (
			);
			runOnlyForDeploymentPostprocessing = 0;
			shellPath = /bin/sh;
			shellScript = "\"${SRCROOT}/Pods/Target Support Files/Pods-SunnyorNot?/Pods-SunnyorNot?-frameworks.sh\"\n";
			showEnvVarsInLog = 0;
		};
		78E57F75945DD01A5FA08121 /* [CP] Check Pods Manifest.lock */ = {
			isa = PBXShellScriptBuildPhase;
			buildActionMask = 2147483647;
			files = (
			);
			inputPaths = (
			);
			name = "[CP] Check Pods Manifest.lock";
			outputPaths = (
			);
			runOnlyForDeploymentPostprocessing = 0;
			shellPath = /bin/sh;
			shellScript = "diff \"${PODS_ROOT}/../Podfile.lock\" \"${PODS_ROOT}/Manifest.lock\" > /dev/null\nif [[ $? != 0 ]] ; then\n    cat << EOM\nerror: The sandbox is not in sync with the Podfile.lock. Run 'pod install' or update your CocoaPods installation.\nEOM\n    exit 1\nfi\n";
			showEnvVarsInLog = 0;
		};
/* End PBXShellScriptBuildPhase section */

/* Begin PBXSourcesBuildPhase section */
		162F26771D7AF16C00B9FFD8 /* Sources */ = {
			isa = PBXSourcesBuildPhase;
			buildActionMask = 2147483647;
			files = (
				1650D64E1D7B02FF007C478F /* currentWeather.swift in Sources */,
				162F267F1D7AF16D00B9FFD8 /* AppDelegate.swift in Sources */,
				1650D6501D7B0307007C478F /* constants.swift in Sources */,
				1650D6521D7B0328007C478F /* WeatherVC.swift in Sources */,
				16F884D91D7B2A6D00FB8072 /* ForecastCell.swift in Sources */,
				16ECA5181D7B1B7100BA6A77 /* forecast.swift in Sources */,
				16F884DB1D7B351000FB8072 /* Location.swift in Sources */,
			);
			runOnlyForDeploymentPostprocessing = 0;
		};
/* End PBXSourcesBuildPhase section */

/* Begin PBXVariantGroup section */
		162F26821D7AF16D00B9FFD8 /* Main.storyboard */ = {
			isa = PBXVariantGroup;
			children = (
				162F26831D7AF16D00B9FFD8 /* Base */,
			);
			name = Main.storyboard;
			sourceTree = "<group>";
		};
		162F26871D7AF16D00B9FFD8 /* LaunchScreen.storyboard */ = {
			isa = PBXVariantGroup;
			children = (
				162F26881D7AF16D00B9FFD8 /* Base */,
			);
			name = LaunchScreen.storyboard;
			sourceTree = "<group>";
		};
/* End PBXVariantGroup section */

/* Begin XCBuildConfiguration section */
		162F268B1D7AF16D00B9FFD8 /* Debug */ = {
			isa = XCBuildConfiguration;
			buildSettings = {
				ALWAYS_SEARCH_USER_PATHS = NO;
				CLANG_ANALYZER_NONNULL = YES;
				CLANG_CXX_LANGUAGE_STANDARD = "gnu++0x";
				CLANG_CXX_LIBRARY = "libc++";
				CLANG_ENABLE_MODULES = YES;
				CLANG_ENABLE_OBJC_ARC = YES;
				CLANG_WARN_BOOL_CONVERSION = YES;
				CLANG_WARN_CONSTANT_CONVERSION = YES;
				CLANG_WARN_DIRECT_OBJC_ISA_USAGE = YES_ERROR;
				CLANG_WARN_DOCUMENTATION_COMMENTS = YES;
				CLANG_WARN_EMPTY_BODY = YES;
				CLANG_WARN_ENUM_CONVERSION = YES;
				CLANG_WARN_INFINITE_RECURSION = YES;
				CLANG_WARN_INT_CONVERSION = YES;
				CLANG_WARN_OBJC_ROOT_CLASS = YES_ERROR;
				CLANG_WARN_SUSPICIOUS_MOVE = YES;
				CLANG_WARN_SUSPICIOUS_MOVES = YES;
				CLANG_WARN_UNREACHABLE_CODE = YES;
				CLANG_WARN__DUPLICATE_METHOD_MATCH = YES;
				"CODE_SIGN_IDENTITY[sdk=iphoneos*]" = "iPhone Developer";
				COPY_PHASE_STRIP = NO;
				DEBUG_INFORMATION_FORMAT = dwarf;
				ENABLE_STRICT_OBJC_MSGSEND = YES;
				ENABLE_TESTABILITY = YES;
				GCC_C_LANGUAGE_STANDARD = gnu99;
				GCC_DYNAMIC_NO_PIC = NO;
				GCC_NO_COMMON_BLOCKS = YES;
				GCC_OPTIMIZATION_LEVEL = 0;
				GCC_PREPROCESSOR_DEFINITIONS = (
					"DEBUG=1",
					"$(inherited)",
				);
				GCC_WARN_64_TO_32_BIT_CONVERSION = YES;
				GCC_WARN_ABOUT_RETURN_TYPE = YES_ERROR;
				GCC_WARN_UNDECLARED_SELECTOR = YES;
				GCC_WARN_UNINITIALIZED_AUTOS = YES_AGGRESSIVE;
				GCC_WARN_UNUSED_FUNCTION = YES;
				GCC_WARN_UNUSED_VARIABLE = YES;
				IPHONEOS_DEPLOYMENT_TARGET = 10.0;
				MTL_ENABLE_DEBUG_INFO = YES;
				ONLY_ACTIVE_ARCH = YES;
				SDKROOT = iphoneos;
				SWIFT_ACTIVE_COMPILATION_CONDITIONS = DEBUG;
				SWIFT_OPTIMIZATION_LEVEL = "-Onone";
			};
			name = Debug;
		};
		162F268C1D7AF16D00B9FFD8 /* Release */ = {
			isa = XCBuildConfiguration;
			buildSettings = {
				ALWAYS_SEARCH_USER_PATHS = NO;
				CLANG_ANALYZER_NONNULL = YES;
				CLANG_CXX_LANGUAGE_STANDARD = "gnu++0x";
				CLANG_CXX_LIBRARY = "libc++";
				CLANG_ENABLE_MODULES = YES;
				CLANG_ENABLE_OBJC_ARC = YES;
				CLANG_WARN_BOOL_CONVERSION = YES;
				CLANG_WARN_CONSTANT_CONVERSION = YES;
				CLANG_WARN_DIRECT_OBJC_ISA_USAGE = YES_ERROR;
				CLANG_WARN_DOCUMENTATION_COMMENTS = YES;
				CLANG_WARN_EMPTY_BODY = YES;
				CLANG_WARN_ENUM_CONVERSION = YES;
				CLANG_WARN_INFINITE_RECURSION = YES;
				CLANG_WARN_INT_CONVERSION = YES;
				CLANG_WARN_OBJC_ROOT_CLASS = YES_ERROR;
				CLANG_WARN_SUSPICIOUS_MOVE = YES;
				CLANG_WARN_SUSPICIOUS_MOVES = YES;
				CLANG_WARN_UNREACHABLE_CODE = YES;
				CLANG_WARN__DUPLICATE_METHOD_MATCH = YES;
				"CODE_SIGN_IDENTITY[sdk=iphoneos*]" = "iPhone Developer";
				COPY_PHASE_STRIP = NO;
				DEBUG_INFORMATION_FORMAT = "dwarf-with-dsym";
				ENABLE_NS_ASSERTIONS = NO;
				ENABLE_STRICT_OBJC_MSGSEND = YES;
				GCC_C_LANGUAGE_STANDARD = gnu99;
				GCC_NO_COMMON_BLOCKS = YES;
				GCC_WARN_64_TO_32_BIT_CONVERSION = YES;
				GCC_WARN_ABOUT_RETURN_TYPE = YES_ERROR;
				GCC_WARN_UNDECLARED_SELECTOR = YES;
				GCC_WARN_UNINITIALIZED_AUTOS = YES_AGGRESSIVE;
				GCC_WARN_UNUSED_FUNCTION = YES;
				GCC_WARN_UNUSED_VARIABLE = YES;
				IPHONEOS_DEPLOYMENT_TARGET = 10.0;
				MTL_ENABLE_DEBUG_INFO = NO;
				SDKROOT = iphoneos;
				SWIFT_OPTIMIZATION_LEVEL = "-Owholemodule";
				VALIDATE_PRODUCT = YES;
			};
			name = Release;
		};
		162F268E1D7AF16D00B9FFD8 /* Debug */ = {
			isa = XCBuildConfiguration;
			baseConfigurationReference = 7EAE65E2ED57B7D3F6C927E9 /* Pods-SunnyorNot?.debug.xcconfig */;
			buildSettings = {
				ALWAYS_EMBED_SWIFT_STANDARD_LIBRARIES = YES;
				ASSETCATALOG_COMPILER_APPICON_NAME = AppIcon;
				DEVELOPMENT_TEAM = MNM3C2L7P4;
				INFOPLIST_FILE = "SunnyorNot?/Info.plist";
				LD_RUNPATH_SEARCH_PATHS = "$(inherited) @executable_path/Frameworks";
				PRODUCT_BUNDLE_IDENTIFIER = "co.uk.gonetoplaid.SunnyorNot-";
				PRODUCT_NAME = "$(TARGET_NAME)";
				SWIFT_VERSION = 3.0;
			};
			name = Debug;
		};
		162F268F1D7AF16D00B9FFD8 /* Release */ = {
			isa = XCBuildConfiguration;
			baseConfigurationReference = 57072B046B08D81C7D31CF47 /* Pods-SunnyorNot?.release.xcconfig */;
			buildSettings = {
				ALWAYS_EMBED_SWIFT_STANDARD_LIBRARIES = YES;
				ASSETCATALOG_COMPILER_APPICON_NAME = AppIcon;
				DEVELOPMENT_TEAM = MNM3C2L7P4;
				INFOPLIST_FILE = "SunnyorNot?/Info.plist";
				LD_RUNPATH_SEARCH_PATHS = "$(inherited) @executable_path/Frameworks";
				PRODUCT_BUNDLE_IDENTIFIER = "co.uk.gonetoplaid.SunnyorNot-";
				PRODUCT_NAME = "$(TARGET_NAME)";
				SWIFT_VERSION = 3.0;
			};
			name = Release;
		};
/* End XCBuildConfiguration section */

/* Begin XCConfigurationList section */
		162F26761D7AF16C00B9FFD8 /* Build configuration list for PBXProject "SunnyorNot?" */ = {
			isa = XCConfigurationList;
			buildConfigurations = (
				162F268B1D7AF16D00B9FFD8 /* Debug */,
				162F268C1D7AF16D00B9FFD8 /* Release */,
			);
			defaultConfigurationIsVisible = 0;
			defaultConfigurationName = Release;
		};
		162F268D1D7AF16D00B9FFD8 /* Build configuration list for PBXNativeTarget "SunnyorNot?" */ = {
			isa = XCConfigurationList;
			buildConfigurations = (
				162F268E1D7AF16D00B9FFD8 /* Debug */,
				162F268F1D7AF16D00B9FFD8 /* Release */,
			);
			defaultConfigurationIsVisible = 0;
			defaultConfigurationName = Release;
		};
/* End XCConfigurationList section */
	};
	rootObject = 162F26731D7AF16C00B9FFD8 /* Project object */;
}
